{
  "nodes": {
    "crane": {
      "inputs": {
        "nixpkgs": [
          "xinput-json",
          "nixpkgs"
        ]
      },
      "locked": {
        "lastModified": 1709400089,
        "narHash": "sha256-4A6X9xNWJ0EQhBPjM4JTdxQFDTkSqQchkNfuDWOP068=",
        "owner": "ipetkov",
        "repo": "crane",
        "rev": "766e70fd475cd4d73bd65613d06bbb3dcbb75871",
        "type": "github"
      },
      "original": {
        "owner": "ipetkov",
        "repo": "crane",
        "type": "github"
      }
    },
    "fenix": {
      "inputs": {
        "nixpkgs": [
          "nixpkgs"
        ],
        "rust-analyzer-src": "rust-analyzer-src"
      },
      "locked": {
        "lastModified": 1723703304,
        "narHash": "sha256-7ehq0nfRHpU3oNAkRpklaDxQZUpuaUig2sR2LI+IL/U=",
        "owner": "nix-community",
        "repo": "fenix",
        "rev": "6e4233dc54850e8aff6eff401400e9a9343881eb",
        "type": "github"
      },
      "original": {
        "id": "fenix",
        "type": "indirect"
      }
    },
    "flake-compat": {
      "flake": false,
      "locked": {
        "lastModified": 1696426674,
        "narHash": "sha256-kvjfFW7WAETZlt09AgDn1MrtKzP7t90Vf7vypd3OL1U=",
        "owner": "edolstra",
        "repo": "flake-compat",
        "rev": "0f9255e01c2351cc7d116c072cb317785dd33b33",
        "type": "github"
      },
      "original": {
        "owner": "edolstra",
        "repo": "flake-compat",
        "type": "github"
      }
    },
    "flake-utils": {
      "inputs": {
        "systems": "systems"
      },
      "locked": {
        "lastModified": 1726560853,
        "narHash": "sha256-X6rJYSESBVr3hBoH0WbKE5KvhPU5bloyZ2L4K60/fPQ=",
        "owner": "numtide",
        "repo": "flake-utils",
        "rev": "c1dfcf08411b08f6b8615f7d8971a2bfa81d5e8a",
        "type": "github"
      },
      "original": {
        "owner": "numtide",
        "repo": "flake-utils",
        "type": "github"
      }
    },
    "hydra-check": {
      "inputs": {
        "flake-compat": "flake-compat",
        "flake-utils": "flake-utils",
        "nixpkgs": [
          "nixpkgs"
        ],
        "poetry2nix": "poetry2nix"
      },
      "locked": {
        "lastModified": 1728562900,
        "narHash": "sha256-aa1YjUccYrSv7keznqdyCNSmNKZyfEQIZlDOIjRGaLQ=",
        "ref": "refs/heads/dev",
        "rev": "296ca3dae7d5ee7c45a5d317d460b82c449cb40a",
        "revCount": 75,
        "type": "git",
        "url": "file:./hydra-check"
      },
      "original": {
        "type": "git",
        "url": "file:./hydra-check"
      }
    },
    "nix-github-actions": {
      "inputs": {
        "nixpkgs": [
          "hydra-check",
          "poetry2nix",
          "nixpkgs"
        ]
      },
      "locked": {
        "lastModified": 1720066371,
        "narHash": "sha256-uPlLYH2S0ACj0IcgaK9Lsf4spmJoGejR9DotXiXSBZQ=",
        "owner": "nix-community",
        "repo": "nix-github-actions",
        "rev": "622f829f5fe69310a866c8a6cd07e747c44ef820",
        "type": "github"
      },
      "original": {
        "owner": "nix-community",
        "repo": "nix-github-actions",
        "type": "github"
      }
    },
    "nixpkgs": {
      "locked": {
        "lastModified": 1728249353,
        "narHash": "sha256-7NBJm1jfMeAowE1J2oljYqWVvI9X7FyyxBY4O8uB/Os=",
        "owner": "NixOS",
        "repo": "nixpkgs",
        "rev": "c8a17040be4a20b29589cb4043a9e0c36af1930e",
        "type": "github"
      },
      "original": {
        "id": "nixpkgs",
        "type": "indirect"
      }
    },
    "poetry2nix": {
      "inputs": {
        "flake-utils": [
          "hydra-check",
          "flake-utils"
        ],
        "nix-github-actions": "nix-github-actions",
        "nixpkgs": [
          "hydra-check",
          "nixpkgs"
        ],
        "systems": [
          "hydra-check",
          "flake-utils",
          "systems"
        ],
        "treefmt-nix": "treefmt-nix"
      },
      "locked": {
        "lastModified": 1728266256,
        "narHash": "sha256-RefXB9kqYch6uGT+mo6m3KTbNerfbDYz+EqkLb6YBbs=",
        "owner": "nix-community",
        "repo": "poetry2nix",
        "rev": "8e965fd42c0da4357c53d987bc62b54a954424da",
        "type": "github"
      },
      "original": {
        "owner": "nix-community",
        "repo": "poetry2nix",
        "type": "github"
      }
    },
    "root": {
      "inputs": {
        "fenix": "fenix",
        "hydra-check": "hydra-check",
        "nixpkgs": "nixpkgs",
        "wifipem": "wifipem",
        "xinput-json": "xinput-json"
      }
    },
    "rust-analyzer-src": {
      "flake": false,
      "locked": {
        "lastModified": 1723648323,
        "narHash": "sha256-AT6K9JREduWC1zcIJIx8JTZa4sYZD6VvyB/xRnjphqY=",
        "owner": "rust-lang",
        "repo": "rust-analyzer",
        "rev": "64a140527b383e3a2fe95908881624fc5374c60c",
        "type": "github"
      },
      "original": {
        "owner": "rust-lang",
        "ref": "nightly",
        "repo": "rust-analyzer",
        "type": "github"
      }
    },
    "systems": {
      "locked": {
        "lastModified": 1681028828,
        "narHash": "sha256-Vy1rq5AaRuLzOxct8nz4T6wlgyUR7zLU309k9mBC768=",
        "owner": "nix-systems",
        "repo": "default",
        "rev": "da67096a3b9bf56a91d16901293e51ba5b49a27e",
        "type": "github"
      },
      "original": {
        "owner": "nix-systems",
        "repo": "default",
        "type": "github"
      }
    },
    "treefmt-nix": {
      "inputs": {
        "nixpkgs": [
          "hydra-check",
          "poetry2nix",
          "nixpkgs"
        ]
      },
      "locked": {
        "lastModified": 1727984844,
        "narHash": "sha256-xpRqITAoD8rHlXQafYZOLvUXCF6cnZkPfoq67ThN0Hc=",
        "owner": "numtide",
        "repo": "treefmt-nix",
        "rev": "4446c7a6fc0775df028c5a3f6727945ba8400e64",
        "type": "github"
      },
      "original": {
        "owner": "numtide",
        "repo": "treefmt-nix",
        "type": "github"
      }
    },
    "wifipem": {
      "inputs": {
        "nixpkgs": [
          "nixpkgs"
        ]
      },
      "locked": {
        "lastModified": 1727685143,
        "narHash": "sha256-u3uvin0IQql9U+UZU3cZh9OH67yX2nTKF87GKUeq8G8=",
        "ref": "refs/heads/minimal",
        "rev": "011a23f7261f988a818894429b2a21e15e352e10",
        "revCount": 38,
        "type": "git",
        "url": "file:./wifipem"
      },
      "original": {
        "type": "git",
        "url": "file:./wifipem"
      }
    },
    "xinput-json": {
      "inputs": {
        "crane": "crane",
        "fenix": [
          "fenix"
        ],
        "nixpkgs": [
          "nixpkgs"
        ]
      },
      "locked": {
        "lastModified": 1709525034,
        "narHash": "sha256-wKeqFnFRuuNikcE8ioaSeACBBDE4/fqciOraP1MMC6E=",
        "ref": "refs/heads/master",
        "rev": "c73ce5dc9c9f78238732bba8f4bd00a961ce3663",
        "revCount": 45,
        "type": "git",
        "url": "file:./xinput-json"
      },
      "original": {
        "type": "git",
        "url": "file:./xinput-json"
      }
    }
  },
  "root": "root",
  "version": 7
}
