{
  "nodes": {
    "crane": {
      "locked": {
        "lastModified": 1730652660,
        "narHash": "sha256-+XVYfmVXAiYA0FZT7ijHf555dxCe+AoAT5A6RU+6vSo=",
        "owner": "ipetkov",
        "repo": "crane",
        "rev": "a4ca93905455c07cb7e3aca95d4faf7601cba458",
        "type": "github"
      },
      "original": {
        "owner": "ipetkov",
        "repo": "crane",
        "type": "github"
      }
    },
    "fenix": {
      "inputs": {
        "nixpkgs": [
          "nixpkgs"
        ],
        "rust-analyzer-src": "rust-analyzer-src"
      },
      "locked": {
        "lastModified": 1730961036,
        "narHash": "sha256-nkho9Dq4WzyF4xr83UdxrlDS5Sm7ZKkPaqGVupLOpOI=",
        "owner": "nix-community",
        "repo": "fenix",
        "rev": "9bf50cb857db8dba15528f3905e271d948cbff06",
        "type": "github"
      },
      "original": {
        "id": "fenix",
        "type": "indirect"
      }
    },
    "flake-compat": {
      "flake": false,
      "locked": {
        "lastModified": 1732722421,
        "narHash": "sha256-HRJ/18p+WoXpWJkcdsk9St5ZiukCqSDgbOGFa8Okehg=",
        "owner": "edolstra",
        "repo": "flake-compat",
        "rev": "9ed2ac151eada2306ca8c418ebd97807bb08f6ac",
        "type": "github"
      },
      "original": {
        "owner": "edolstra",
        "repo": "flake-compat",
        "type": "github"
      }
    },
    "flake-utils": {
      "inputs": {
        "systems": "systems"
      },
      "locked": {
        "lastModified": 1731533236,
        "narHash": "sha256-l0KFg5HjrsfsO/JpG+r7fRrqm12kzFHyUHqHCVpMMbI=",
        "owner": "numtide",
        "repo": "flake-utils",
        "rev": "11707dc2f618dd54ca8739b309ec4fc024de578b",
        "type": "github"
      },
      "original": {
        "owner": "numtide",
        "repo": "flake-utils",
        "type": "github"
      }
    },
    "hydra-check": {
      "inputs": {
        "flake-compat": "flake-compat",
        "flake-utils": "flake-utils",
        "nixpkgs": [
          "nixpkgs"
        ]
      },
      "locked": {
        "lastModified": 1733047921,
        "narHash": "sha256-RCS3t8DhXAqoM60eqfGf+Cj6u4RjwpNaEbKHgFsD00A=",
        "ref": "refs/heads/riir",
        "rev": "706a5571ad5de27f9ee322ede3b1309e2a3e0d43",
        "revCount": 85,
        "type": "git",
        "url": "file:./hydra-check"
      },
      "original": {
        "type": "git",
        "url": "file:./hydra-check"
      }
    },
    "nixpkgs": {
      "locked": {
        "lastModified": 1732971106,
        "narHash": "sha256-pHO+NWd8wJGDuVJjyyxdgtcmiGhNNKbIIXLMLBPxJTI=",
        "owner": "NixOS",
        "repo": "nixpkgs",
        "rev": "f40efe1ce90f9cd692c8d56d9305fa6b9c07f211",
        "type": "github"
      },
      "original": {
        "id": "nixpkgs",
        "type": "indirect"
      }
    },
    "root": {
      "inputs": {
        "fenix": "fenix",
        "hydra-check": "hydra-check",
        "nixpkgs": "nixpkgs",
        "wifipem": "wifipem",
        "xinput-json": "xinput-json"
      }
    },
    "rust-analyzer-src": {
      "flake": false,
      "locked": {
        "lastModified": 1730749868,
        "narHash": "sha256-b8UMpLh61z6T4J1NObustAuFGoJiAKBTaPTrEf3Amts=",
        "owner": "rust-lang",
        "repo": "rust-analyzer",
        "rev": "b51f9bc736dc0472481a47d7c05de2901323e543",
        "type": "github"
      },
      "original": {
        "owner": "rust-lang",
        "ref": "nightly",
        "repo": "rust-analyzer",
        "type": "github"
      }
    },
    "systems": {
      "locked": {
        "lastModified": 1681028828,
        "narHash": "sha256-Vy1rq5AaRuLzOxct8nz4T6wlgyUR7zLU309k9mBC768=",
        "owner": "nix-systems",
        "repo": "default",
        "rev": "da67096a3b9bf56a91d16901293e51ba5b49a27e",
        "type": "github"
      },
      "original": {
        "owner": "nix-systems",
        "repo": "default",
        "type": "github"
      }
    },
    "wifipem": {
      "inputs": {
        "nixpkgs": [
          "nixpkgs"
        ]
      },
      "locked": {
        "lastModified": 1727685143,
        "narHash": "sha256-u3uvin0IQql9U+UZU3cZh9OH67yX2nTKF87GKUeq8G8=",
        "ref": "refs/heads/minimal",
        "rev": "011a23f7261f988a818894429b2a21e15e352e10",
        "revCount": 38,
        "type": "git",
        "url": "file:./wifipem"
      },
      "original": {
        "type": "git",
        "url": "file:./wifipem"
      }
    },
    "xinput-json": {
      "inputs": {
        "crane": "crane",
        "fenix": [
          "fenix"
        ],
        "nixpkgs": [
          "nixpkgs"
        ]
      },
      "locked": {
        "lastModified": 1731046127,
        "narHash": "sha256-YoTTEfJRWqsEjPoLqXWPhjJRFvplFd4qapsq6dLvdrw=",
        "ref": "refs/heads/master",
        "rev": "3a4db9e2fb8dde990248c971c63b79c4bc44ed01",
        "revCount": 46,
        "type": "git",
        "url": "file:./xinput-json"
      },
      "original": {
        "type": "git",
        "url": "file:./xinput-json"
      }
    }
  },
  "root": "root",
  "version": 7
}
